{
	"name": "obsidian-sample-plugin",
	"version": "1.0.1",
	"lockfileVersion": 1,
	"requires": true,
	"dependencies": {
		"@codemirror/rangeset": {
			"version": "0.19.9",
			"resolved": "https://registry.npmmirror.com/@codemirror/rangeset/-/rangeset-0.19.9.tgz",
			"integrity": "sha512-V8YUuOvK+ew87Xem+71nKcqu1SXd5QROMRLMS/ljT5/3MCxtgrRie1Cvild0G/Z2f1fpWxzX78V0U4jjXBorBQ==",
			"dev": true,
			"requires": {
				"@codemirror/state": "^0.19.0"
			}
		},
		"@codemirror/state": {
			"version": "0.19.9",
			"resolved": "https://registry.npmmirror.com/@codemirror/state/-/state-0.19.9.tgz",
			"integrity": "sha512-psOzDolKTZkx4CgUqhBQ8T8gBc0xN5z4gzed109aF6x7D7umpDRoimacI/O6d9UGuyl4eYuDCZmDFr2Rq7aGOw==",
			"dev": true,
			"requires": {
				"@codemirror/text": "^0.19.0"
			}
		},
		"@codemirror/text": {
			"version": "0.19.6",
			"resolved": "https://registry.npmmirror.com/@codemirror/text/-/text-0.19.6.tgz",
			"integrity": "sha512-T9jnREMIygx+TPC1bOuepz18maGq/92q2a+n4qTqObKwvNMg+8cMTslb8yxeEDEq7S3kpgGWxgO1UWbQRij0dA==",
			"dev": true
		},
		"@codemirror/view": {
			"version": "0.19.48",
			"resolved": "https://registry.npmmirror.com/@codemirror/view/-/view-0.19.48.tgz",
			"integrity": "sha512-0eg7D2Nz4S8/caetCTz61rK0tkHI17V/d15Jy0kLOT8dTLGGNJUponDnW28h2B6bERmPlVHKh8MJIr5OCp1nGw==",
			"dev": true,
			"requires": {
				"@codemirror/rangeset": "^0.19.5",
				"@codemirror/state": "^0.19.3",
				"@codemirror/text": "^0.19.0",
				"style-mod": "^4.0.0",
				"w3c-keyname": "^2.2.4"
			}
		},
		"@nodelib/fs.scandir": {
			"version": "2.1.5",
			"resolved": "https://registry.npmmirror.com/@nodelib/fs.scandir/-/fs.scandir-2.1.5.tgz",
			"integrity": "sha512-vq24Bq3ym5HEQm2NKCr3yXDwjc7vTsEThRDnkp2DK9p1uqLR+DHurm/NOTo0KG7HYHU7eppKZj3MyqYuMBf62g==",
			"dev": true,
			"requires": {
				"@nodelib/fs.stat": "2.0.5",
				"run-parallel": "^1.1.9"
			}
		},
		"@nodelib/fs.stat": {
			"version": "2.0.5",
			"resolved": "https://registry.npmmirror.com/@nodelib/fs.stat/-/fs.stat-2.0.5.tgz",
			"integrity": "sha512-RkhPPp2zrqDAQA/2jNhnztcPAlv64XdhIp7a7454A5ovI7Bukxgt7MX7udwAu3zg1DcpPU0rz3VV1SeaqvY4+A==",
			"dev": true
		},
		"@nodelib/fs.walk": {
			"version": "1.2.8",
			"resolved": "https://registry.npmmirror.com/@nodelib/fs.walk/-/fs.walk-1.2.8.tgz",
			"integrity": "sha512-oGB+UxlgWcgQkgwo8GcEGwemoTFt3FIO9ababBmaGwXIoBKZ+GTy0pP185beGg7Llih/NSHSV2XAs1lnznocSg==",
			"dev": true,
			"requires": {
				"@nodelib/fs.scandir": "2.1.5",
				"fastq": "^1.6.0"
			}
		},
		"@notable/html2markdown": {
			"version": "1.1.3",
			"resolved": "https://registry.npmmirror.com/@notable/html2markdown/-/html2markdown-1.1.3.tgz",
			"integrity": "sha512-+WxHtqtZHqYRx0Zi7dhe+pGhlmds/mi+ZaNO26OJ991+LYGjqskVFa9VRsWfux2keaCkIMXitGgeViSW3wHLag==",
			"requires": {
				"mime2ext": "^1.0.1"
			}
		},
		"@types/codemirror": {
			"version": "0.0.108",
			"resolved": "https://registry.npmmirror.com/@types/codemirror/-/codemirror-0.0.108.tgz",
			"integrity": "sha512-3FGFcus0P7C2UOGCNUVENqObEb4SFk+S8Dnxq7K6aIsLVs/vDtlangl3PEO0ykaKXyK56swVF6Nho7VsA44uhw==",
			"dev": true,
			"requires": {
				"@types/tern": "*"
			}
		},
		"@types/estree": {
			"version": "0.0.51",
			"resolved": "https://registry.npmmirror.com/@types/estree/-/estree-0.0.51.tgz",
			"integrity": "sha512-CuPgU6f3eT/XgKKPqKd/gLZV1Xmvf1a2R5POBOGQa6uv82xpls89HU5zKeVoyR8XzHd1RGNOlQlvUe3CFkjWNQ==",
			"dev": true
		},
		"@types/json-schema": {
			"version": "7.0.11",
			"resolved": "https://registry.npmmirror.com/@types/json-schema/-/json-schema-7.0.11.tgz",
			"integrity": "sha512-wOuvG1SN4Us4rez+tylwwwCV1psiNVOkJeM3AUWUNWg/jDQY2+HE/444y5gc+jBmRqASOm2Oeh5c1axHobwRKQ==",
			"dev": true
		},
		"@types/node": {
			"version": "16.11.36",
			"resolved": "https://registry.npmmirror.com/@types/node/-/node-16.11.36.tgz",
			"integrity": "sha512-FR5QJe+TaoZ2GsMHkjuwoNabr+UrJNRr2HNOo+r/7vhcuntM6Ee/pRPOnRhhL2XE9OOvX9VLEq+BcXl3VjNoWA==",
			"dev": true
		},
		"@types/tern": {
			"version": "0.23.4",
			"resolved": "https://registry.npmmirror.com/@types/tern/-/tern-0.23.4.tgz",
			"integrity": "sha512-JAUw1iXGO1qaWwEOzxTKJZ/5JxVeON9kvGZ/osgZaJImBnyjyn0cjovPsf6FNLmyGY8Vw9DoXZCMlfMkMwHRWg==",
			"dev": true,
			"requires": {
				"@types/estree": "*"
			}
		},
		"@typescript-eslint/eslint-plugin": {
			"version": "5.25.0",
			"resolved": "https://registry.npmmirror.com/@typescript-eslint/eslint-plugin/-/eslint-plugin-5.25.0.tgz",
			"integrity": "sha512-icYrFnUzvm+LhW0QeJNKkezBu6tJs9p/53dpPLFH8zoM9w1tfaKzVurkPotEpAqQ8Vf8uaFyL5jHd0Vs6Z0ZQg==",
			"dev": true,
			"requires": {
				"@typescript-eslint/scope-manager": "5.25.0",
				"@typescript-eslint/type-utils": "5.25.0",
				"@typescript-eslint/utils": "5.25.0",
				"debug": "^4.3.4",
				"functional-red-black-tree": "^1.0.1",
				"ignore": "^5.2.0",
				"regexpp": "^3.2.0",
				"semver": "^7.3.7",
				"tsutils": "^3.21.0"
			}
		},
		"@typescript-eslint/parser": {
			"version": "5.25.0",
			"resolved": "https://registry.npmmirror.com/@typescript-eslint/parser/-/parser-5.25.0.tgz",
			"integrity": "sha512-r3hwrOWYbNKP1nTcIw/aZoH+8bBnh/Lh1iDHoFpyG4DnCpvEdctrSl6LOo19fZbzypjQMHdajolxs6VpYoChgA==",
			"dev": true,
			"requires": {
				"@typescript-eslint/scope-manager": "5.25.0",
				"@typescript-eslint/types": "5.25.0",
				"@typescript-eslint/typescript-estree": "5.25.0",
				"debug": "^4.3.4"
			}
		},
		"@typescript-eslint/scope-manager": {
			"version": "5.25.0",
			"resolved": "https://registry.npmmirror.com/@typescript-eslint/scope-manager/-/scope-manager-5.25.0.tgz",
			"integrity": "sha512-p4SKTFWj+2VpreUZ5xMQsBMDdQ9XdRvODKXN4EksyBjFp2YvQdLkyHqOffakYZPuWJUDNu3jVXtHALDyTv3cww==",
			"dev": true,
			"requires": {
				"@typescript-eslint/types": "5.25.0",
				"@typescript-eslint/visitor-keys": "5.25.0"
			}
		},
		"@typescript-eslint/type-utils": {
			"version": "5.25.0",
			"resolved": "https://registry.npmmirror.com/@typescript-eslint/type-utils/-/type-utils-5.25.0.tgz",
			"integrity": "sha512-B6nb3GK3Gv1Rsb2pqalebe/RyQoyG/WDy9yhj8EE0Ikds4Xa8RR28nHz+wlt4tMZk5bnAr0f3oC8TuDAd5CPrw==",
			"dev": true,
			"requires": {
				"@typescript-eslint/utils": "5.25.0",
				"debug": "^4.3.4",
				"tsutils": "^3.21.0"
			}
		},
		"@typescript-eslint/types": {
			"version": "5.25.0",
			"resolved": "https://registry.npmmirror.com/@typescript-eslint/types/-/types-5.25.0.tgz",
			"integrity": "sha512-7fWqfxr0KNHj75PFqlGX24gWjdV/FDBABXL5dyvBOWHpACGyveok8Uj4ipPX/1fGU63fBkzSIycEje4XsOxUFA==",
			"dev": true
		},
		"@typescript-eslint/typescript-estree": {
			"version": "5.25.0",
			"resolved": "https://registry.npmmirror.com/@typescript-eslint/typescript-estree/-/typescript-estree-5.25.0.tgz",
			"integrity": "sha512-MrPODKDych/oWs/71LCnuO7NyR681HuBly2uLnX3r5i4ME7q/yBqC4hW33kmxtuauLTM0OuBOhhkFaxCCOjEEw==",
			"dev": true,
			"requires": {
				"@typescript-eslint/types": "5.25.0",
				"@typescript-eslint/visitor-keys": "5.25.0",
				"debug": "^4.3.4",
				"globby": "^11.1.0",
				"is-glob": "^4.0.3",
				"semver": "^7.3.7",
				"tsutils": "^3.21.0"
			}
		},
		"@typescript-eslint/utils": {
			"version": "5.25.0",
			"resolved": "https://registry.npmmirror.com/@typescript-eslint/utils/-/utils-5.25.0.tgz",
			"integrity": "sha512-qNC9bhnz/n9Kba3yI6HQgQdBLuxDoMgdjzdhSInZh6NaDnFpTUlwNGxplUFWfY260Ya0TRPvkg9dd57qxrJI9g==",
			"dev": true,
			"requires": {
				"@types/json-schema": "^7.0.9",
				"@typescript-eslint/scope-manager": "5.25.0",
				"@typescript-eslint/types": "5.25.0",
				"@typescript-eslint/typescript-estree": "5.25.0",
				"eslint-scope": "^5.1.1",
				"eslint-utils": "^3.0.0"
			}
		},
		"@typescript-eslint/visitor-keys": {
			"version": "5.25.0",
			"resolved": "https://registry.npmmirror.com/@typescript-eslint/visitor-keys/-/visitor-keys-5.25.0.tgz",
			"integrity": "sha512-yd26vFgMsC4h2dgX4+LR+GeicSKIfUvZREFLf3DDjZPtqgLx5AJZr6TetMNwFP9hcKreTTeztQYBTNbNoOycwA==",
			"dev": true,
			"requires": {
				"@typescript-eslint/types": "5.25.0",
				"eslint-visitor-keys": "^3.3.0"
			}
		},
		"array-union": {
			"version": "2.1.0",
			"resolved": "https://registry.npmmirror.com/array-union/-/array-union-2.1.0.tgz",
			"integrity": "sha512-HGyxoOTYUyCM6stUe6EJgnd4EoewAI7zMdfqO+kGjnlZmBDz/cR5pf8r/cR4Wq60sL/p0IkcjUEEPwS3GFrIyw==",
			"dev": true
		},
		"asynckit": {
			"version": "0.4.0",
			"resolved": "https://registry.npmmirror.com/asynckit/-/asynckit-0.4.0.tgz",
			"integrity": "sha512-Oei9OH4tRh0YqU3GxhX79dM/mwVgvbZJaSNaRk+bshkj0S5cfHcgYakreBjrHwatXKbz+IoIdYLxrKim2MjW0Q=="
		},
		"axios": {
			"version": "0.27.2",
			"resolved": "https://registry.npmmirror.com/axios/-/axios-0.27.2.tgz",
			"integrity": "sha512-t+yRIyySRTp/wua5xEr+z1q60QmLq8ABsS5O9Me1AsE5dfKqgnCFzwiCZZ/cGNd1lq4/7akDWMxdhVlucjmnOQ==",
			"requires": {
				"follow-redirects": "^1.14.9",
				"form-data": "^4.0.0"
			}
		},
		"boolbase": {
			"version": "1.0.0",
			"resolved": "https://registry.npmmirror.com/boolbase/-/boolbase-1.0.0.tgz",
			"integrity": "sha512-JZOSA7Mo9sNGB8+UjSgzdLtokWAky1zbztM3WRLCbZ70/3cTANmQmOdR7y2g+J0e2WXywy1yS468tY+IruqEww=="
		},
		"braces": {
			"version": "3.0.2",
			"resolved": "https://registry.npmmirror.com/braces/-/braces-3.0.2.tgz",
			"integrity": "sha512-b8um+L1RzM3WDSzvhm6gIz1yfTbBt6YTlcEKAvsmqCZZFw46z626lVj9j1yEPW33H5H+lBQpZMP1k8l+78Ha0A==",
			"dev": true,
			"requires": {
				"fill-range": "^7.0.1"
			}
		},
		"builtin-modules": {
			"version": "3.3.0",
			"resolved": "https://registry.npmmirror.com/builtin-modules/-/builtin-modules-3.3.0.tgz",
			"integrity": "sha512-zhaCDicdLuWN5UbN5IMnFqNMhNfo919sH85y2/ea+5Yg9TsTkeZxpL+JLbp6cgYFS4sRLp3YV4S6yDuqVWHYOw==",
			"dev": true
		},
		"cheerio": {
			"version": "1.0.0-rc.11",
			"resolved": "https://registry.npmmirror.com/cheerio/-/cheerio-1.0.0-rc.11.tgz",
			"integrity": "sha512-bQwNaDIBKID5ts/DsdhxrjqFXYfLw4ste+wMKqWA8DyKcS4qwsPP4Bk8ZNaTJjvpiX/qW3BT4sU7d6Bh5i+dag==",
			"requires": {
				"cheerio-select": "^2.1.0",
				"dom-serializer": "^2.0.0",
				"domhandler": "^5.0.3",
				"domutils": "^3.0.1",
				"htmlparser2": "^8.0.1",
				"parse5": "^7.0.0",
				"parse5-htmlparser2-tree-adapter": "^7.0.0",
				"tslib": "^2.4.0"
			},
			"dependencies": {
				"tslib": {
					"version": "2.4.0",
					"resolved": "https://registry.npmmirror.com/tslib/-/tslib-2.4.0.tgz",
					"integrity": "sha512-d6xOpEDfsi2CZVlPQzGeux8XMwLT9hssAsaPYExaQMuYskwb+x1x7J371tWlbBdWHroy99KnVB6qIkUbs5X3UQ=="
				}
			}
		},
		"cheerio-select": {
			"version": "2.1.0",
			"resolved": "https://registry.npmmirror.com/cheerio-select/-/cheerio-select-2.1.0.tgz",
			"integrity": "sha512-9v9kG0LvzrlcungtnJtpGNxY+fzECQKhK4EGJX2vByejiMX84MFNQw4UxPJl3bFbTMw+Dfs37XaIkCwTZfLh4g==",
			"requires": {
				"boolbase": "^1.0.0",
				"css-select": "^5.1.0",
				"css-what": "^6.1.0",
				"domelementtype": "^2.3.0",
				"domhandler": "^5.0.3",
				"domutils": "^3.0.1"
			}
		},
		"combined-stream": {
			"version": "1.0.8",
			"resolved": "https://registry.npmmirror.com/combined-stream/-/combined-stream-1.0.8.tgz",
			"integrity": "sha512-FQN4MRfuJeHf7cBbBMJFXhKSDq+2kAArBlmRBvcvFE5BB1HZKXtSFASDhdlz9zOYwxh8lDdnvmMOe/+5cdoEdg==",
			"requires": {
				"delayed-stream": "~1.0.0"
			}
		},
		"css-select": {
			"version": "5.1.0",
			"resolved": "https://registry.npmmirror.com/css-select/-/css-select-5.1.0.tgz",
			"integrity": "sha512-nwoRF1rvRRnnCqqY7updORDsuqKzqYJ28+oSMaJMMgOauh3fvwHqMS7EZpIPqK8GL+g9mKxF1vP/ZjSeNjEVHg==",
			"requires": {
				"boolbase": "^1.0.0",
				"css-what": "^6.1.0",
				"domhandler": "^5.0.2",
				"domutils": "^3.0.1",
				"nth-check": "^2.0.1"
			}
		},
		"css-what": {
			"version": "6.1.0",
			"resolved": "https://registry.npmmirror.com/css-what/-/css-what-6.1.0.tgz",
			"integrity": "sha512-HTUrgRJ7r4dsZKU6GjmpfRK1O76h97Z8MfS1G0FozR+oF2kG6Vfe8JE6zwrkbxigziPHinCJ+gCPjA9EaBDtRw=="
		},
		"cuint": {
			"version": "0.2.2",
			"resolved": "https://registry.npmmirror.com/cuint/-/cuint-0.2.2.tgz",
			"integrity": "sha512-d4ZVpCW31eWwCMe1YT3ur7mUDnTXbgwyzaL320DrcRT45rfjYxkt5QWLrmOJ+/UEAI2+fQgKe/fCjR8l4TpRgw=="
		},
		"debug": {
			"version": "4.3.4",
			"resolved": "https://registry.npmmirror.com/debug/-/debug-4.3.4.tgz",
			"integrity": "sha512-PRWFHuSU3eDtQJPvnNY7Jcket1j0t5OuOsFzPPzsekD52Zl8qUfFIPEiswXqIvHWGVHOgX+7G/vCNNhehwxfkQ==",
			"dev": true,
			"requires": {
				"ms": "2.1.2"
			}
		},
		"delayed-stream": {
			"version": "1.0.0",
			"resolved": "https://registry.npmmirror.com/delayed-stream/-/delayed-stream-1.0.0.tgz",
			"integrity": "sha512-ZySD7Nf91aLB0RxL4KGrKHBXl7Eds1DAmEdcoVawXnLD7SDhpNgtuII2aAkg7a7QS41jxPSZ17p4VdGnMHk3MQ=="
		},
		"dir-glob": {
			"version": "3.0.1",
			"resolved": "https://registry.npmmirror.com/dir-glob/-/dir-glob-3.0.1.tgz",
			"integrity": "sha512-WkrWp9GR4KXfKGYzOLmTuGVi1UWFfws377n9cc55/tb6DuqyF6pcQ5AbiHEshaDpY9v6oaSr2XCDidGmMwdzIA==",
			"dev": true,
			"requires": {
				"path-type": "^4.0.0"
			}
		},
		"dom-serializer": {
			"version": "2.0.0",
			"resolved": "https://registry.npmmirror.com/dom-serializer/-/dom-serializer-2.0.0.tgz",
			"integrity": "sha512-wIkAryiqt/nV5EQKqQpo3SToSOV9J0DnbJqwK7Wv/Trc92zIAYZ4FlMu+JPFW1DfGFt81ZTCGgDEabffXeLyJg==",
			"requires": {
				"domelementtype": "^2.3.0",
				"domhandler": "^5.0.2",
				"entities": "^4.2.0"
			}
		},
		"domelementtype": {
			"version": "2.3.0",
			"resolved": "https://registry.npmmirror.com/domelementtype/-/domelementtype-2.3.0.tgz",
			"integrity": "sha512-OLETBj6w0OsagBwdXnPdN0cnMfF9opN69co+7ZrbfPGrdpPVNBUj02spi6B1N7wChLQiPn4CSH/zJvXw56gmHw=="
		},
		"domhandler": {
			"version": "5.0.3",
			"resolved": "https://registry.npmmirror.com/domhandler/-/domhandler-5.0.3.tgz",
			"integrity": "sha512-cgwlv/1iFQiFnU96XXgROh8xTeetsnJiDsTc7TYCLFd9+/WNkIqPTxiM/8pSd8VIrhXGTf1Ny1q1hquVqDJB5w==",
			"requires": {
				"domelementtype": "^2.3.0"
			}
		},
		"domutils": {
			"version": "3.0.1",
			"resolved": "https://registry.npmmirror.com/domutils/-/domutils-3.0.1.tgz",
			"integrity": "sha512-z08c1l761iKhDFtfXO04C7kTdPBLi41zwOZl00WS8b5eiaebNpY00HKbztwBq+e3vyqWNwWF3mP9YLUeqIrF+Q==",
			"requires": {
				"dom-serializer": "^2.0.0",
				"domelementtype": "^2.3.0",
				"domhandler": "^5.0.1"
			}
		},
		"douban-search-crack": {
			"version": "1.0.6",
			"resolved": "https://registry.npmmirror.com/douban-search-crack/-/douban-search-crack-1.0.6.tgz",
			"integrity": "sha512-IchjtqsemiJH0x7xo/7/QjEVa0khKMfY0KMtA9GMXXSQRJFPtiedi5Z0htB/xq0Thpo6SsbLXYJIkdVX3n3Qng==",
			"requires": {
				"xxhashjs": "^0.2.2"
			}
		},
		"entities": {
			"version": "4.3.0",
			"resolved": "https://registry.npmmirror.com/entities/-/entities-4.3.0.tgz",
			"integrity": "sha512-/iP1rZrSEJ0DTlPiX+jbzlA3eVkY/e8L8SozroF395fIqE3TYF/Nz7YOMAawta+vLmyJ/hkGNNPcSbMADCCXbg=="
		},
		"esbuild": {
			"version": "0.13.12",
			"resolved": "https://registry.npmmirror.com/esbuild/-/esbuild-0.13.12.tgz",
			"integrity": "sha512-vTKKUt+yoz61U/BbrnmlG9XIjwpdIxmHB8DlPR0AAW6OdS+nBQBci6LUHU2q9WbBobMEIQxxDpKbkmOGYvxsow==",
			"dev": true,
			"requires": {
				"esbuild-android-arm64": "0.13.12",
				"esbuild-darwin-64": "0.13.12",
				"esbuild-darwin-arm64": "0.13.12",
				"esbuild-freebsd-64": "0.13.12",
				"esbuild-freebsd-arm64": "0.13.12",
				"esbuild-linux-32": "0.13.12",
				"esbuild-linux-64": "0.13.12",
				"esbuild-linux-arm": "0.13.12",
				"esbuild-linux-arm64": "0.13.12",
				"esbuild-linux-mips64le": "0.13.12",
				"esbuild-linux-ppc64le": "0.13.12",
				"esbuild-netbsd-64": "0.13.12",
				"esbuild-openbsd-64": "0.13.12",
				"esbuild-sunos-64": "0.13.12",
				"esbuild-windows-32": "0.13.12",
				"esbuild-windows-64": "0.13.12",
				"esbuild-windows-arm64": "0.13.12"
			}
		},
		"esbuild-android-arm64": {
			"version": "0.13.12",
			"resolved": "https://registry.npmmirror.com/esbuild-android-arm64/-/esbuild-android-arm64-0.13.12.tgz",
			"integrity": "sha512-TSVZVrb4EIXz6KaYjXfTzPyyRpXV5zgYIADXtQsIenjZ78myvDGaPi11o4ZSaHIwFHsuwkB6ne5SZRBwAQ7maw==",
			"dev": true,
			"optional": true
		},
		"esbuild-darwin-64": {
			"version": "0.13.12",
			"resolved": "https://registry.npmmirror.com/esbuild-darwin-64/-/esbuild-darwin-64-0.13.12.tgz",
			"integrity": "sha512-c51C+N+UHySoV2lgfWSwwmlnLnL0JWj/LzuZt9Ltk9ub1s2Y8cr6SQV5W3mqVH1egUceew6KZ8GyI4nwu+fhsw==",
			"dev": true,
			"optional": true
		},
		"esbuild-darwin-arm64": {
			"version": "0.13.12",
			"resolved": "https://registry.npmmirror.com/esbuild-darwin-arm64/-/esbuild-darwin-arm64-0.13.12.tgz",
			"integrity": "sha512-JvAMtshP45Hd8A8wOzjkY1xAnTKTYuP/QUaKp5eUQGX+76GIie3fCdUUr2ZEKdvpSImNqxiZSIMziEiGB5oUmQ==",
			"dev": true,
			"optional": true
		},
		"esbuild-freebsd-64": {
			"version": "0.13.12",
			"resolved": "https://registry.npmmirror.com/esbuild-freebsd-64/-/esbuild-freebsd-64-0.13.12.tgz",
			"integrity": "sha512-r6On/Skv9f0ZjTu6PW5o7pdXr8aOgtFOEURJZYf1XAJs0IQ+gW+o1DzXjVkIoT+n1cm3N/t1KRJfX71MPg/ZUA==",
			"dev": true,
			"optional": true
		},
		"esbuild-freebsd-arm64": {
			"version": "0.13.12",
			"resolved": "https://registry.npmmirror.com/esbuild-freebsd-arm64/-/esbuild-freebsd-arm64-0.13.12.tgz",
			"integrity": "sha512-F6LmI2Q1gii073kmBE3NOTt/6zLL5zvZsxNLF8PMAwdHc+iBhD1vzfI8uQZMJA1IgXa3ocr3L3DJH9fLGXy6Yw==",
			"dev": true,
			"optional": true
		},
		"esbuild-linux-32": {
			"version": "0.13.12",
			"resolved": "https://registry.npmmirror.com/esbuild-linux-32/-/esbuild-linux-32-0.13.12.tgz",
			"integrity": "sha512-U1UZwG3UIwF7/V4tCVAo/nkBV9ag5KJiJTt+gaCmLVWH3bPLX7y+fNlhIWZy8raTMnXhMKfaTvWZ9TtmXzvkuQ==",
			"dev": true,
			"optional": true
		},
		"esbuild-linux-64": {
			"version": "0.13.12",
			"resolved": "https://registry.npmmirror.com/esbuild-linux-64/-/esbuild-linux-64-0.13.12.tgz",
			"integrity": "sha512-YpXSwtu2NxN3N4ifJxEdsgd6Q5d8LYqskrAwjmoCT6yQnEHJSF5uWcxv783HWN7lnGpJi9KUtDvYsnMdyGw71Q==",
			"dev": true,
			"optional": true
		},
		"esbuild-linux-arm": {
			"version": "0.13.12",
			"resolved": "https://registry.npmmirror.com/esbuild-linux-arm/-/esbuild-linux-arm-0.13.12.tgz",
			"integrity": "sha512-SyiT/JKxU6J+DY2qUiSLZJqCAftIt3uoGejZ0HDnUM2MGJqEGSGh7p1ecVL2gna3PxS4P+j6WAehCwgkBPXNIw==",
			"dev": true,
			"optional": true
		},
		"esbuild-linux-arm64": {
			"version": "0.13.12",
			"resolved": "https://registry.npmmirror.com/esbuild-linux-arm64/-/esbuild-linux-arm64-0.13.12.tgz",
			"integrity": "sha512-sgDNb8kb3BVodtAlcFGgwk+43KFCYjnFOaOfJibXnnIojNWuJHpL6aQJ4mumzNWw8Rt1xEtDQyuGK9f+Y24jGA==",
			"dev": true,
			"optional": true
		},
		"esbuild-linux-mips64le": {
			"version": "0.13.12",
			"resolved": "https://registry.npmmirror.com/esbuild-linux-mips64le/-/esbuild-linux-mips64le-0.13.12.tgz",
			"integrity": "sha512-qQJHlZBG+QwVIA8AbTEtbvF084QgDi4DaUsUnA+EolY1bxrG+UyOuGflM2ZritGhfS/k7THFjJbjH2wIeoKA2g==",
			"dev": true,
			"optional": true
		},
		"esbuild-linux-ppc64le": {
			"version": "0.13.12",
			"resolved": "https://registry.npmmirror.com/esbuild-linux-ppc64le/-/esbuild-linux-ppc64le-0.13.12.tgz",
			"integrity": "sha512-2dSnm1ldL7Lppwlo04CGQUpwNn5hGqXI38OzaoPOkRsBRWFBozyGxTFSee/zHFS+Pdh3b28JJbRK3owrrRgWNw==",
			"dev": true,
			"optional": true
		},
		"esbuild-netbsd-64": {
			"version": "0.13.12",
			"resolved": "https://registry.npmmirror.com/esbuild-netbsd-64/-/esbuild-netbsd-64-0.13.12.tgz",
			"integrity": "sha512-D4raxr02dcRiQNbxOLzpqBzcJNFAdsDNxjUbKkDMZBkL54Z0vZh4LRndycdZAMcIdizC/l/Yp/ZsBdAFxc5nbA==",
			"dev": true,
			"optional": true
		},
		"esbuild-openbsd-64": {
			"version": "0.13.12",
			"resolved": "https://registry.npmmirror.com/esbuild-openbsd-64/-/esbuild-openbsd-64-0.13.12.tgz",
			"integrity": "sha512-KuLCmYMb2kh05QuPJ+va60bKIH5wHL8ypDkmpy47lzwmdxNsuySeCMHuTv5o2Af1RUn5KLO5ZxaZeq4GEY7DaQ==",
			"dev": true,
			"optional": true
		},
		"esbuild-sunos-64": {
			"version": "0.13.12",
			"resolved": "https://registry.npmmirror.com/esbuild-sunos-64/-/esbuild-sunos-64-0.13.12.tgz",
			"integrity": "sha512-jBsF+e0woK3miKI8ufGWKG3o3rY9DpHvCVRn5eburMIIE+2c+y3IZ1srsthKyKI6kkXLvV4Cf/E7w56kLipMXw==",
			"dev": true,
			"optional": true
		},
		"esbuild-windows-32": {
			"version": "0.13.12",
			"resolved": "https://registry.npmmirror.com/esbuild-windows-32/-/esbuild-windows-32-0.13.12.tgz",
			"integrity": "sha512-L9m4lLFQrFeR7F+eLZXG82SbXZfUhyfu6CexZEil6vm+lc7GDCE0Q8DiNutkpzjv1+RAbIGVva9muItQ7HVTkQ==",
			"dev": true,
			"optional": true
		},
		"esbuild-windows-64": {
			"version": "0.13.12",
			"resolved": "https://registry.npmmirror.com/esbuild-windows-64/-/esbuild-windows-64-0.13.12.tgz",
			"integrity": "sha512-k4tX4uJlSbSkfs78W5d9+I9gpd+7N95W7H2bgOMFPsYREVJs31+Q2gLLHlsnlY95zBoPQMIzHooUIsixQIBjaQ==",
			"dev": true,
			"optional": true
		},
		"esbuild-windows-arm64": {
			"version": "0.13.12",
			"resolved": "https://registry.npmmirror.com/esbuild-windows-arm64/-/esbuild-windows-arm64-0.13.12.tgz",
			"integrity": "sha512-2tTv/BpYRIvuwHpp2M960nG7uvL+d78LFW/ikPItO+2GfK51CswIKSetSpDii+cjz8e9iSPgs+BU4o8nWICBwQ==",
			"dev": true,
			"optional": true
		},
		"eslint-scope": {
			"version": "5.1.1",
			"resolved": "https://registry.npmmirror.com/eslint-scope/-/eslint-scope-5.1.1.tgz",
			"integrity": "sha512-2NxwbF/hZ0KpepYN0cNbo+FN6XoK7GaHlQhgx/hIZl6Va0bF45RQOOwhLIy8lQDbuCiadSLCBnH2CFYquit5bw==",
			"dev": true,
			"requires": {
				"esrecurse": "^4.3.0",
				"estraverse": "^4.1.1"
			}
		},
		"eslint-utils": {
			"version": "3.0.0",
			"resolved": "https://registry.npmmirror.com/eslint-utils/-/eslint-utils-3.0.0.tgz",
			"integrity": "sha512-uuQC43IGctw68pJA1RgbQS8/NP7rch6Cwd4j3ZBtgo4/8Flj4eGE7ZYSZRN3iq5pVUv6GPdW5Z1RFleo84uLDA==",
			"dev": true,
			"requires": {
				"eslint-visitor-keys": "^2.0.0"
			},
			"dependencies": {
				"eslint-visitor-keys": {
					"version": "2.1.0",
					"resolved": "https://registry.npmmirror.com/eslint-visitor-keys/-/eslint-visitor-keys-2.1.0.tgz",
					"integrity": "sha512-0rSmRBzXgDzIsD6mGdJgevzgezI534Cer5L/vyMX0kHzT/jiB43jRhd9YUlMGYLQy2zprNmoT8qasCGtY+QaKw==",
					"dev": true
				}
			}
		},
		"eslint-visitor-keys": {
			"version": "3.3.0",
			"resolved": "https://registry.npmmirror.com/eslint-visitor-keys/-/eslint-visitor-keys-3.3.0.tgz",
			"integrity": "sha512-mQ+suqKJVyeuwGYHAdjMFqjCyfl8+Ldnxuyp3ldiMBFKkvytrXUZWaiPCEav8qDHKty44bD+qV1IP4T+w+xXRA==",
			"dev": true
		},
		"esrecurse": {
			"version": "4.3.0",
			"resolved": "https://registry.npmmirror.com/esrecurse/-/esrecurse-4.3.0.tgz",
			"integrity": "sha512-KmfKL3b6G+RXvP8N1vr3Tq1kL/oCFgn2NYXEtqP8/L3pKapUA4G8cFVaoF3SU323CD4XypR/ffioHmkti6/Tag==",
			"dev": true,
			"requires": {
				"estraverse": "^5.2.0"
			},
			"dependencies": {
				"estraverse": {
					"version": "5.3.0",
					"resolved": "https://registry.npmmirror.com/estraverse/-/estraverse-5.3.0.tgz",
					"integrity": "sha512-MMdARuVEQziNTeJD8DgMqmhwR11BRQ/cBP+pLtYdSTnf3MIO8fFeiINEbX36ZdNlfU/7A9f3gUw49B3oQsvwBA==",
					"dev": true
				}
			}
		},
		"estraverse": {
			"version": "4.3.0",
			"resolved": "https://registry.npmmirror.com/estraverse/-/estraverse-4.3.0.tgz",
			"integrity": "sha512-39nnKffWz8xN1BU/2c79n9nB9HDzo0niYUqx6xyqUnyoAnQyyWpOTdZEeiCch8BBu515t4wp9ZmgVfVhn9EBpw==",
			"dev": true
		},
		"fast-glob": {
			"version": "3.2.11",
			"resolved": "https://registry.npmmirror.com/fast-glob/-/fast-glob-3.2.11.tgz",
			"integrity": "sha512-xrO3+1bxSo3ZVHAnqzyuewYT6aMFHRAd4Kcs92MAonjwQZLsK9d0SF1IyQ3k5PoirxTW0Oe/RqFgMQ6TcNE5Ew==",
			"dev": true,
			"requires": {
				"@nodelib/fs.stat": "^2.0.2",
				"@nodelib/fs.walk": "^1.2.3",
				"glob-parent": "^5.1.2",
				"merge2": "^1.3.0",
				"micromatch": "^4.0.4"
			}
		},
		"fastq": {
			"version": "1.13.0",
			"resolved": "https://registry.npmmirror.com/fastq/-/fastq-1.13.0.tgz",
			"integrity": "sha512-YpkpUnK8od0o1hmeSc7UUs/eB/vIPWJYjKck2QKIzAf71Vm1AAQ3EbuZB3g2JIy+pg+ERD0vqI79KyZiB2e2Nw==",
			"dev": true,
			"requires": {
				"reusify": "^1.0.4"
			}
		},
		"fill-range": {
			"version": "7.0.1",
			"resolved": "https://registry.npmmirror.com/fill-range/-/fill-range-7.0.1.tgz",
			"integrity": "sha512-qOo9F+dMUmC2Lcb4BbVvnKJxTPjCm+RRpe4gDuGrzkL7mEVl/djYSu2OdQ2Pa302N4oqkSg9ir6jaLWJ2USVpQ==",
			"dev": true,
			"requires": {
				"to-regex-range": "^5.0.1"
			}
		},
		"follow-redirects": {
			"version": "1.15.0",
			"resolved": "https://registry.npmmirror.com/follow-redirects/-/follow-redirects-1.15.0.tgz",
			"integrity": "sha512-aExlJShTV4qOUOL7yF1U5tvLCB0xQuudbf6toyYA0E/acBNw71mvjFTnLaRp50aQaYocMR0a/RMMBIHeZnGyjQ=="
		},
		"form-data": {
			"version": "4.0.0",
			"resolved": "https://registry.npmmirror.com/form-data/-/form-data-4.0.0.tgz",
			"integrity": "sha512-ETEklSGi5t0QMZuiXoA/Q6vcnxcLQP5vdugSpuAyi6SVGi2clPPp+xgEhuMaHC+zGgn31Kd235W35f7Hykkaww==",
			"requires": {
				"asynckit": "^0.4.0",
				"combined-stream": "^1.0.8",
				"mime-types": "^2.1.12"
			}
		},
		"functional-red-black-tree": {
			"version": "1.0.1",
			"resolved": "https://registry.npmmirror.com/functional-red-black-tree/-/functional-red-black-tree-1.0.1.tgz",
			"integrity": "sha512-dsKNQNdj6xA3T+QlADDA7mOSlX0qiMINjn0cgr+eGHGsbSHzTabcIogz2+p/iqP1Xs6EP/sS2SbqH+brGTbq0g==",
			"dev": true
		},
		"glob-parent": {
			"version": "5.1.2",
			"resolved": "https://registry.npmmirror.com/glob-parent/-/glob-parent-5.1.2.tgz",
			"integrity": "sha512-AOIgSQCepiJYwP3ARnGx+5VnTu2HBYdzbGP45eLw1vr3zB3vZLeyed1sC9hnbcOc9/SrMyM5RPQrkGz4aS9Zow==",
			"dev": true,
			"requires": {
				"is-glob": "^4.0.1"
			}
		},
		"globby": {
			"version": "11.1.0",
			"resolved": "https://registry.npmmirror.com/globby/-/globby-11.1.0.tgz",
			"integrity": "sha512-jhIXaOzy1sb8IyocaruWSn1TjmnBVs8Ayhcy83rmxNJ8q2uWKCAj3CnJY+KpGSXCueAPc0i05kVvVKtP1t9S3g==",
			"dev": true,
			"requires": {
				"array-union": "^2.1.0",
				"dir-glob": "^3.0.1",
				"fast-glob": "^3.2.9",
				"ignore": "^5.2.0",
				"merge2": "^1.4.1",
				"slash": "^3.0.0"
			}
		},
		"htmlparser2": {
			"version": "8.0.1",
			"resolved": "https://registry.npmmirror.com/htmlparser2/-/htmlparser2-8.0.1.tgz",
			"integrity": "sha512-4lVbmc1diZC7GUJQtRQ5yBAeUCL1exyMwmForWkRLnwyzWBFxN633SALPMGYaWZvKe9j1pRZJpauvmxENSp/EA==",
			"requires": {
				"domelementtype": "^2.3.0",
				"domhandler": "^5.0.2",
				"domutils": "^3.0.1",
				"entities": "^4.3.0"
			}
		},
		"ignore": {
			"version": "5.2.0",
			"resolved": "https://registry.npmmirror.com/ignore/-/ignore-5.2.0.tgz",
			"integrity": "sha512-CmxgYGiEPCLhfLnpPp1MoRmifwEIOgjcHXxOBjv7mY96c+eWScsOP9c112ZyLdWHi0FxHjI+4uVhKYp/gcdRmQ==",
			"dev": true
		},
		"is-extglob": {
			"version": "2.1.1",
			"resolved": "https://registry.npmmirror.com/is-extglob/-/is-extglob-2.1.1.tgz",
			"integrity": "sha512-SbKbANkN603Vi4jEZv49LeVJMn4yGwsbzZworEoyEiutsN3nJYdbO36zfhGJ6QEDpOZIFkDtnq5JRxmvl3jsoQ==",
			"dev": true
		},
		"is-glob": {
			"version": "4.0.3",
			"resolved": "https://registry.npmmirror.com/is-glob/-/is-glob-4.0.3.tgz",
			"integrity": "sha512-xelSayHH36ZgE7ZWhli7pW34hNbNl8Ojv5KVmkJD4hBdD3th8Tfk9vYasLM+mXWOZhFkgZfxhLSnrwRr4elSSg==",
			"dev": true,
			"requires": {
				"is-extglob": "^2.1.1"
			}
		},
		"is-number": {
			"version": "7.0.0",
			"resolved": "https://registry.npmmirror.com/is-number/-/is-number-7.0.0.tgz",
			"integrity": "sha512-41Cifkg6e8TylSpdtTpeLVMqvSBEVzTttHvERD741+pnZ8ANv0004MRL43QKPDlK9cGvNp6NZWZUBlbGXYxxng==",
			"dev": true
		},
		"lru-cache": {
			"version": "6.0.0",
			"resolved": "https://registry.npmmirror.com/lru-cache/-/lru-cache-6.0.0.tgz",
			"integrity": "sha512-Jo6dJ04CmSjuznwJSS3pUeWmd/H0ffTlkXXgwZi+eq1UCmqQwCh+eLsYOYCwY991i2Fah4h1BEMCx4qThGbsiA==",
			"dev": true,
			"requires": {
				"yallist": "^4.0.0"
			}
		},
		"merge2": {
			"version": "1.4.1",
			"resolved": "https://registry.npmmirror.com/merge2/-/merge2-1.4.1.tgz",
			"integrity": "sha512-8q7VEgMJW4J8tcfVPy8g09NcQwZdbwFEqhe/WZkoIzjn/3TGDwtOCYtXGxA3O8tPzpczCCDgv+P2P5y00ZJOOg==",
			"dev": true
		},
		"micromatch": {
			"version": "4.0.5",
			"resolved": "https://registry.npmmirror.com/micromatch/-/micromatch-4.0.5.tgz",
			"integrity": "sha512-DMy+ERcEW2q8Z2Po+WNXuw3c5YaUSFjAO5GsJqfEl7UjvtIuFKO6ZrKvcItdy98dwFI2N1tg3zNIdKaQT+aNdA==",
			"dev": true,
			"requires": {
				"braces": "^3.0.2",
				"picomatch": "^2.3.1"
			}
		},
		"mime-db": {
			"version": "1.52.0",
			"resolved": "https://registry.npmmirror.com/mime-db/-/mime-db-1.52.0.tgz",
			"integrity": "sha512-sPU4uV7dYlvtWJxwwxHD0PuihVNiE7TyAbQ5SWxDCB9mUYvOgroQOwYQQOKPJ8CIbE+1ETVlOoK1UC2nU3gYvg=="
		},
		"mime-types": {
			"version": "2.1.35",
			"resolved": "https://registry.npmmirror.com/mime-types/-/mime-types-2.1.35.tgz",
			"integrity": "sha512-ZDY+bPm5zTTF+YpCrAU9nK0UgICYPT0QtT1NZWFv4s++TNkcgVaT0g6+4R2uI4MjQjzysHB1zxuWL50hzaeXiw==",
			"requires": {
				"mime-db": "1.52.0"
			}
		},
		"mime2ext": {
			"version": "1.0.1",
			"resolved": "https://registry.npmmirror.com/mime2ext/-/mime2ext-1.0.1.tgz",
			"integrity": "sha512-GW9keW4FtnqfEn4PltsEiSlfQj3rNAU+nGsvPk8+4kQJpo0tQ7/dCojFYgkPtOD2xk9ePrRqVFUAtPpjzY1Cgw=="
		},
		"moment": {
			"version": "2.29.2",
			"resolved": "https://registry.npmmirror.com/moment/-/moment-2.29.2.tgz",
			"integrity": "sha512-UgzG4rvxYpN15jgCmVJwac49h9ly9NurikMWGPdVxm8GZD6XjkKPxDTjQQ43gtGgnV3X0cAyWDdP2Wexoquifg==",
			"dev": true
		},
		"ms": {
			"version": "2.1.2",
			"resolved": "https://registry.npmmirror.com/ms/-/ms-2.1.2.tgz",
			"integrity": "sha512-sGkPx+VjMtmA6MX27oA4FBFELFCZZ4S4XqeGOXCv68tT+jb3vk/RyaKWP0PTKyWtmLSM0b+adUTEvbs1PEaH2w==",
			"dev": true
		},
		"node-fetch": {
			"version": "2.6.1",
			"resolved": "https://registry.npmmirror.com/node-fetch/-/node-fetch-2.6.1.tgz",
			"integrity": "sha512-V4aYg89jEoVRxRb2fJdAg8FHvI7cEyYdVAh94HH0UIK8oJxUfkjlDQN9RbMx+bEjP7+ggMiFRprSti032Oipxw=="
		},
		"nth-check": {
			"version": "2.0.1",
			"resolved": "https://registry.npmmirror.com/nth-check/-/nth-check-2.0.1.tgz",
			"integrity": "sha512-it1vE95zF6dTT9lBsYbxvqh0Soy4SPowchj0UBGj/V6cTPnXXtQOPUbhZ6CmGzAD/rW22LQK6E96pcdJXk4A4w==",
			"requires": {
				"boolbase": "^1.0.0"
			}
		},
		"obsidian": {
			"version": "0.14.8",
			"resolved": "https://registry.npmmirror.com/obsidian/-/obsidian-0.14.8.tgz",
			"integrity": "sha512-CQz+B2HSbhGVEBwZBL3rPl29ruOBmEhCbBmW7PIILnnRh6fFFvYy3kZLHVTUidzvRGZnEW/mQ7n9LXeJCp2a/Q==",
			"dev": true,
			"requires": {
				"@codemirror/state": "^0.19.6",
				"@codemirror/view": "^0.19.31",
				"@types/codemirror": "0.0.108",
				"moment": "2.29.2"
			}
		},
		"parse5": {
			"version": "7.0.0",
			"resolved": "https://registry.npmmirror.com/parse5/-/parse5-7.0.0.tgz",
			"integrity": "sha512-y/t8IXSPWTuRZqXc0ajH/UwDj4mnqLEbSttNbThcFhGrZuOyoyvNBO85PBp2jQa55wY9d07PBNjsK8ZP3K5U6g==",
			"requires": {
				"entities": "^4.3.0"
			}
		},
		"parse5-htmlparser2-tree-adapter": {
			"version": "7.0.0",
			"resolved": "https://registry.npmmirror.com/parse5-htmlparser2-tree-adapter/-/parse5-htmlparser2-tree-adapter-7.0.0.tgz",
			"integrity": "sha512-B77tOZrqqfUfnVcOrUvfdLbz4pu4RopLD/4vmu3HUPswwTA8OH0EMW9BlWR2B0RCoiZRAHEUu7IxeP1Pd1UU+g==",
			"requires": {
				"domhandler": "^5.0.2",
				"parse5": "^7.0.0"
			}
		},
		"path-type": {
			"version": "4.0.0",
			"resolved": "https://registry.npmmirror.com/path-type/-/path-type-4.0.0.tgz",
			"integrity": "sha512-gDKb8aZMDeD/tZWs9P6+q0J9Mwkdl6xMV8TjnGP3qJVJ06bdMgkbBlLU8IdfOsIsFz2BW1rNVT3XuNEl8zPAvw==",
			"dev": true
		},
		"picomatch": {
			"version": "2.3.1",
			"resolved": "https://registry.npmmirror.com/picomatch/-/picomatch-2.3.1.tgz",
			"integrity": "sha512-JU3teHTNjmE2VCGFzuY8EXzCDVwEqB2a8fsIvwaStHhAWJEeVd1o1QD80CU6+ZdEXXSLbSsuLwJjkCBWqRQUVA==",
			"dev": true
		},
		"queue-microtask": {
			"version": "1.2.3",
			"resolved": "https://registry.npmmirror.com/queue-microtask/-/queue-microtask-1.2.3.tgz",
			"integrity": "sha512-NuaNSa6flKT5JaSYQzJok04JzTL1CA6aGhv5rfLW3PgqA+M2ChpZQnAC8h8i4ZFkBS8X5RqkDBHA7r4hej3K9A==",
			"dev": true
		},
		"regexpp": {
			"version": "3.2.0",
			"resolved": "https://registry.npmmirror.com/regexpp/-/regexpp-3.2.0.tgz",
			"integrity": "sha512-pq2bWo9mVD43nbts2wGv17XLiNLya+GklZ8kaDLV2Z08gDCsGpnKn9BFMepvWuHCbyVvY7J5o5+BVvoQbmlJLg==",
			"dev": true
		},
		"reusify": {
			"version": "1.0.4",
			"resolved": "https://registry.npmmirror.com/reusify/-/reusify-1.0.4.tgz",
			"integrity": "sha512-U9nH88a3fc/ekCF1l0/UP1IosiuIjyTh7hBvXVMHYgVcfGvt897Xguj2UOLDeI5BG2m7/uwyaLVT6fbtCwTyzw==",
			"dev": true
		},
		"run-parallel": {
			"version": "1.2.0",
			"resolved": "https://registry.npmmirror.com/run-parallel/-/run-parallel-1.2.0.tgz",
			"integrity": "sha512-5l4VyZR86LZ/lDxZTR6jqL8AFE2S0IFLMP26AbjsLVADxHdhB/c0GUsH+y39UfCi3dzz8OlQuPmnaJOMoDHQBA==",
			"dev": true,
			"requires": {
				"queue-microtask": "^1.2.2"
			}
		},
		"schema-dts": {
			"version": "1.1.0",
			"resolved": "https://registry.npmmirror.com/schema-dts/-/schema-dts-1.1.0.tgz",
			"integrity": "sha512-vdmbs/5ycj4zyKpZIDqTcy+IZi4s7c38RVAYuDmRi7zgxUT8wRWPMLzg0jr7FjdVunYu9yZ00F3+XcZTTFcTOQ=="
		},
		"semver": {
			"version": "7.3.7",
			"resolved": "https://registry.npmmirror.com/semver/-/semver-7.3.7.tgz",
			"integrity": "sha512-QlYTucUYOews+WeEujDoEGziz4K6c47V/Bd+LjSSYcA94p+DmINdf7ncaUinThfvZyu13lN9OY1XDxt8C0Tw0g==",
			"dev": true,
			"requires": {
				"lru-cache": "^6.0.0"
			}
		},
		"slash": {
			"version": "3.0.0",
			"resolved": "https://registry.npmmirror.com/slash/-/slash-3.0.0.tgz",
			"integrity": "sha512-g9Q1haeby36OSStwb4ntCGGGaKsaVSjQ68fBxoQcutl5fS1vuY18H3wSt3jFyFtrkx+Kz0V1G85A4MyAdDMi2Q==",
			"dev": true
		},
		"style-mod": {
			"version": "4.0.0",
			"resolved": "https://registry.npmmirror.com/style-mod/-/style-mod-4.0.0.tgz",
			"integrity": "sha512-OPhtyEjyyN9x3nhPsu76f52yUGXiZcgvsrFVtvTkyGRQJ0XK+GPc6ov1z+lRpbeabka+MYEQxOYRnt5nF30aMw==",
			"dev": true
		},
		"tiny-network": {
			"version": "0.0.6",
			"resolved": "https://registry.npmmirror.com/tiny-network/-/tiny-network-0.0.6.tgz",
			"integrity": "sha512-fYNn6nnbKZFch5nd1aWtwVwJG7zJc5dcyypKx1PgJvv1EFr/tUhQPSFx5Tw6lKTVqemxZystG8mkbQuu/P/R5g=="
		},
		"to-regex-range": {
			"version": "5.0.1",
			"resolved": "https://registry.npmmirror.com/to-regex-range/-/to-regex-range-5.0.1.tgz",
			"integrity": "sha512-65P7iz6X5yEr1cwcgvQxbbIw7Uk3gOy5dIdtZ4rDveLqhrdJP+Li/Hx6tyK0NEb+2GCyneCMJiGqrADCSNk8sQ==",
			"dev": true,
			"requires": {
				"is-number": "^7.0.0"
			}
		},
		"tslib": {
			"version": "2.3.1",
			"resolved": "https://registry.npmmirror.com/tslib/-/tslib-2.3.1.tgz",
			"integrity": "sha512-77EbyPPpMz+FRFRuAFlWMtmgUWGe9UOG2Z25NqCwiIjRhOf5iKGuzSe5P2w1laq+FkRy4p+PCuVkJSGkzTEKVw==",
			"dev": true
		},
		"tsutils": {
			"version": "3.21.0",
			"resolved": "https://registry.npmmirror.com/tsutils/-/tsutils-3.21.0.tgz",
			"integrity": "sha512-mHKK3iUXL+3UF6xL5k0PEhKRUBKPBCv/+RkEOpjRWxxx27KKRBmmA60A9pgOUvMi8GKhRMPEmjBRPzs2W7O1OA==",
			"dev": true,
			"requires": {
				"tslib": "^1.8.1"
			},
			"dependencies": {
				"tslib": {
					"version": "1.14.1",
					"resolved": "https://registry.npmmirror.com/tslib/-/tslib-1.14.1.tgz",
					"integrity": "sha512-Xni35NKzjgMrwevysHTCArtLDpPvye8zV/0E4EyYn43P7/7qvQwPh9BGkHewbMulVntbigmcT7rdX3BNo9wRJg==",
					"dev": true
				}
			}
		},
		"typescript": {
			"version": "4.7.2",
			"resolved": "https://registry.npmmirror.com/typescript/-/typescript-4.7.2.tgz",
			"integrity": "sha512-Mamb1iX2FDUpcTRzltPxgWMKy3fhg0TN378ylbktPGPK/99KbDtMQ4W1hwgsbPAsG3a0xKa1vmw4VKZQbkvz5A==",
			"dev": true
		},
		"w3c-keyname": {
			"version": "2.2.4",
			"resolved": "https://registry.npmmirror.com/w3c-keyname/-/w3c-keyname-2.2.4.tgz",
			"integrity": "sha512-tOhfEwEzFLJzf6d1ZPkYfGj+FWhIpBux9ppoP3rlclw3Z0BZv3N7b7030Z1kYth+6rDuAsXUFr+d0VE6Ed1ikw==",
			"dev": true
		},
		"xxhashjs": {
			"version": "0.2.2",
			"resolved": "https://registry.npmmirror.com/xxhashjs/-/xxhashjs-0.2.2.tgz",
			"integrity": "sha512-AkTuIuVTET12tpsVIQo+ZU6f/qDmKuRUcjaqR+OIvm+aCBsZ95i7UVY5WJ9TMsSaZ0DA2WxoZ4acu0sPH+OKAw==",
			"requires": {
				"cuint": "^0.2.2"
			}
		},
		"yallist": {
			"version": "4.0.0",
			"resolved": "https://registry.npmmirror.com/yallist/-/yallist-4.0.0.tgz",
			"integrity": "sha512-3wdGidZyq5PB084XLES5TpOSRA3wjXAlIWMhum2kRcv/41Sn2emQ0dycQW4uZXLejwKvg6EsvbdlVL+FYEct7A==",
			"dev": true
		}
	}
}
